# GENERATED FILE. DO NOT EDIT.
# This file is generated by 'studio pull' and ensures reproducible builds.
# Commit this file to version control.

version = 2
generated_at = "2026-07-20T13:21:20Z"
cli_version = "dev"

[[dependencies]]
  name = "slds-201"
  project = "e650d9a7-1a6d-4c68-b0cc-731b117c214a"
  ref_type = "branch"
  ref_name = "main"
  content_hash = "sha256:44f6120be8234f10c8437d8018471463242c0a27fad7b7f417bf6231bf46234d"
  updated_at = "2026-07-20T13:21:19Z"

  [[dependencies.files]]
    path = "$metadata.json"
    hash = "sha256:f1697921f3cf1ccce9e808818cbea6440e6714a79ad8992240868baab5b88c63"
    size = 1780
    tokens = 0
    modified_at = "2026-07-20T13:21:18Z"

  [[dependencies.files]]
    path = "$themes.json"
    hash = "sha256:049e83c308c3568cb17e14d4a3f2cb402edf1b0e27803519c7102cc1b7b8da7a"
    size = 15481
    tokens = 0
    modified_at = "2026-07-20T13:21:18Z"

  [[dependencies.files]]
    path = "I/A/base-new.json"
    hash = "sha256:e5650ca1157fe7cf8ec30c46a1bf16b21fe81704f367073c709932ce84409ecf"
    size = 6956
    tokens = 0
    modified_at = "2026-07-20T13:21:18Z"

  [[dependencies.files]]
    path = "I/A/theme-new.json"
    hash = "sha256:31e344c28a8286060fd623dde740d88394c5052b7bc490bc3817290a2717b9a1"
    size = 70081
    tokens = 0
    modified_at = "2026-07-20T13:21:18Z"

  [[dependencies.files]]
    path = "I/B/base-new.json"
    hash = "sha256:c69591a48b355c5c8c282a0c21ece52afc258ee8f1d546a4f70902d7c9e8910a"
    size = 6956
    tokens = 0
    modified_at = "2026-07-20T13:21:18Z"

  [[dependencies.files]]
    path = "I/B/theme-new.json"
    hash = "sha256:d0174470c281929578e9e92d348b057c5fe8f38a9bcd25fabbd15856cfff0c44"
    size = 70081
    tokens = 0
    modified_at = "2026-07-20T13:21:18Z"

  [[dependencies.files]]
    path = "I/C/base-new.json"
    hash = "sha256:01c02d0369e03f1e8b7e33b24c0a380286db51a691c5783be6127c8f392c5875"
    size = 6956
    tokens = 0
    modified_at = "2026-07-20T13:21:18Z"

  [[dependencies.files]]
    path = "I/C/theme-new.json"
    hash = "sha256:b5e53e9f8b50c6de1d493782f8fef316c442f5764b83dcd22c9bc19daf7587ed"
    size = 70081
    tokens = 0
    modified_at = "2026-07-20T13:21:18Z"

  [[dependencies.files]]
    path = "I/base-new.json"
    hash = "sha256:704aeb35451f6e8246f466f68fbd07ed83f42de6537db5c7364eb13b16809bb7"
    size = 6873
    tokens = 0
    modified_at = "2026-07-20T13:21:18Z"

  [[dependencies.files]]
    path = "I/theme-new.json"
    hash = "sha256:c609258d0cdc9c0a7d6b6df218a1237e0253b08fe82c381dacb0836b736cd262"
    size = 69316
    tokens = 0
    modified_at = "2026-07-20T13:21:18Z"

  [[dependencies.files]]
    path = "II/E/base-new.json"
    hash = "sha256:5d00161385329763419b3817deafb8ae372c163ca683a0ba6b1b71d17b73ec6b"
    size = 7000
    tokens = 0
    modified_at = "2026-07-20T13:21:18Z"

  [[dependencies.files]]
    path = "II/E/theme-new.json"
    hash = "sha256:364a221fc0bda5089232d276bedfde691e45b60dbf941527268e3530db275787"
    size = 70400
    tokens = 0
    modified_at = "2026-07-20T13:21:18Z"

  [[dependencies.files]]
    path = "II/F/base-new.json"
    hash = "sha256:0dd7dd4a4c6d26fe77d96a947a6ae54ed648922583575d14b5059ed46ce72c69"
    size = 7000
    tokens = 0
    modified_at = "2026-07-20T13:21:18Z"

  [[dependencies.files]]
    path = "II/F/theme-new.json"
    hash = "sha256:b0e6608eba6bea8361b60d52b09465bb1ea9b5dde1ac9578b870739b48ab4f1e"
    size = 70400
    tokens = 0
    modified_at = "2026-07-20T13:21:18Z"

  [[dependencies.files]]
    path = "II/base-new.json"
    hash = "sha256:217383f6333c9049c727aaead7038efe94ab55f76e2bb2788bbf416aab69f0cd"
    size = 6916
    tokens = 0
    modified_at = "2026-07-20T13:21:18Z"

  [[dependencies.files]]
    path = "II/theme-new.json"
    hash = "sha256:fda3c9394bbed84add8f158b5c9b434343dd1fdbee4424dabcada503d0d82c79"
    size = 69766
    tokens = 0
    modified_at = "2026-07-20T13:21:18Z"

  [[dependencies.files]]
    path = "base-new.json"
    hash = "sha256:5c9498716ef285cfb1e52120b7ebdf62d1f84fa655699c6fd63c40625af53830"
    size = 6508
    tokens = 0
    modified_at = "2026-07-20T13:21:18Z"

  [[dependencies.files]]
    path = "bingel-dc/base-new.json"
    hash = "sha256:f694a977c3e6b061b256ffd35f9aa0847b2cb115bbea851d32f0c3272fda3db4"
    size = 8737
    tokens = 0
    modified_at = "2026-07-20T13:21:18Z"

  [[dependencies.files]]
    path = "bingel-dc/light-new.json"
    hash = "sha256:ad278e36301fd99148579e623b716c8436f06a6452b77e852785f69abe89740a"
    size = 69944
    tokens = 0
    modified_at = "2026-07-20T13:21:18Z"

  [[dependencies.files]]
    path = "bingel-dc/theme-new.json"
    hash = "sha256:05c7151b216cb7633183693455995fa992a2f6b197add26196a78c417d0d1f73"
    size = 71991
    tokens = 0
    modified_at = "2026-07-20T13:21:18Z"

  [[dependencies.files]]
    path = "bingel-int/base-new.json"
    hash = "sha256:c48dcce5932db132d9d9cabd6ae4692a83fd7ce9f636dee3480e36fa34ff6e56"
    size = 8681
    tokens = 0
    modified_at = "2026-07-20T13:21:18Z"

  [[dependencies.files]]
    path = "bingel-int/light-new.json"
    hash = "sha256:b5fba4aab536b5fce754d2ce20db8f52c36aff668d7ba687d55336937c54ec46"
    size = 70181
    tokens = 0
    modified_at = "2026-07-20T13:21:18Z"

  [[dependencies.files]]
    path = "bingel-int/theme-new.json"
    hash = "sha256:343659b352c296dde904575ece7c0960f589113f7f91e1f6aa53b5f9c31690c6"
    size = 72309
    tokens = 0
    modified_at = "2026-07-20T13:21:18Z"

  [[dependencies.files]]
    path = "clickedu/base-new.json"
    hash = "sha256:a7e9b14c3955d8ff7de97f2be238b59762d64c35296e626a9b9f03a1c79b4dc5"
    size = 8675
    tokens = 0
    modified_at = "2026-07-20T13:21:18Z"

  [[dependencies.files]]
    path = "clickedu/light-new.json"
    hash = "sha256:42fe566dc296380e4696ae11b4a7cb0d202d6b6ccd139b22852cc633fec00ae7"
    size = 69633
    tokens = 0
    modified_at = "2026-07-20T13:21:18Z"

  [[dependencies.files]]
    path = "clickedu/theme-new.json"
    hash = "sha256:c2de4c155611f23df0b71d57283e6e61dffae365ca9f96f5b43da2c400021040"
    size = 71673
    tokens = 0
    modified_at = "2026-07-20T13:21:18Z"

  [[dependencies.files]]
    path = "core.json"
    hash = "sha256:7aa7eb60008ad31bf120a1c95f5f247407d4238cbaebcd39ce8237a618f03c17"
    size = 72789
    tokens = 0
    modified_at = "2026-07-20T13:21:18Z"

  [[dependencies.files]]
    path = "editorial-suite/base-new.json"
    hash = "sha256:dcfcb399eab14fd71aa976a674e0e00f5be1c1eb98e46d689ce9b8741adeb79e"
    size = 8670
    tokens = 0
    modified_at = "2026-07-20T13:21:18Z"

  [[dependencies.files]]
    path = "editorial-suite/light-new.json"
    hash = "sha256:956de94b76d4cde278953c4e8b910b79b0e6fb1a9daeddaaa143c3d65af92ba4"
    size = 71287
    tokens = 0
    modified_at = "2026-07-20T13:21:18Z"

  [[dependencies.files]]
    path = "editorial-suite/theme-new.json"
    hash = "sha256:1e0462df52a91e54bd4882d4153fb55ad0eede58fe118ad430dedb5dd0f26692"
    size = 73899
    tokens = 0
    modified_at = "2026-07-20T13:21:18Z"

  [[dependencies.files]]
    path = "itslearning/base-new.json"
    hash = "sha256:c32cd08486fc8381dd95b9a4764325bab5f58e1cbaf1596467f0034f87d280d2"
    size = 8664
    tokens = 0
    modified_at = "2026-07-20T13:21:18Z"

  [[dependencies.files]]
    path = "itslearning/light-new.json"
    hash = "sha256:94ac9b371e4a5e703fd0e320fa73fb789410586ef97909265db1a566781b8e35"
    size = 70321
    tokens = 0
    modified_at = "2026-07-20T13:21:18Z"

  [[dependencies.files]]
    path = "itslearning/theme-new.json"
    hash = "sha256:b98307a3dfac12225b59e9cc6e836477344db0c61f07a8bdb4d18d24e0482b39"
    size = 72627
    tokens = 0
    modified_at = "2026-07-20T13:21:18Z"

  [[dependencies.files]]
    path = "kampus/base-new.json"
    hash = "sha256:4495c477e0f63a8dc9e7f81e19e3fc35e5a364bb4cfc922229fe1be775ad3bb3"
    size = 8675
    tokens = 0
    modified_at = "2026-07-20T13:21:18Z"

  [[dependencies.files]]
    path = "kampus/light-new.json"
    hash = "sha256:d62a23f09fdfc201df6faad07580c44c59abd988605070f6063548b8ae7a8f12"
    size = 69255
    tokens = 0
    modified_at = "2026-07-20T13:21:18Z"

  [[dependencies.files]]
    path = "kampus/theme-new.json"
    hash = "sha256:6414f31c6c326fb326ba55d4f109bf69a778dda2f83e948d29293c47198a7f15"
    size = 71037
    tokens = 0
    modified_at = "2026-07-20T13:21:18Z"

  [[dependencies.files]]
    path = "magister/base-new.json"
    hash = "sha256:f86f74a69184373b996b94bb8d3071734c6615735ea0689e4be0e63a89bc1ff9"
    size = 8673
    tokens = 0
    modified_at = "2026-07-20T13:21:18Z"

  [[dependencies.files]]
    path = "magister/dark-new.json"
    hash = "sha256:d317d8b3ec9db590d3f65ebc70aedd158a31f1b5d8bd429e4e11d3af5c5cd6c7"
    size = 69744
    tokens = 0
    modified_at = "2026-07-20T13:21:18Z"

  [[dependencies.files]]
    path = "magister/light-new.json"
    hash = "sha256:e72949760d66a6386955eebe63d2c9430a667729d9911e55f87be090eac32932"
    size = 69548
    tokens = 0
    modified_at = "2026-07-20T13:21:18Z"

  [[dependencies.files]]
    path = "magister/theme-new.json"
    hash = "sha256:792319ca2406252368fe74be646d980a8c0501579068d432149331b1293acabb"
    size = 71673
    tokens = 0
    modified_at = "2026-07-20T13:21:18Z"

  [[dependencies.files]]
    path = "max/base-new.json"
    hash = "sha256:4495c477e0f63a8dc9e7f81e19e3fc35e5a364bb4cfc922229fe1be775ad3bb3"
    size = 8675
    tokens = 0
    modified_at = "2026-07-20T13:21:18Z"

  [[dependencies.files]]
    path = "max/light-new.json"
    hash = "sha256:d36b2b415001be277767b0ce3178d91686442a2548845d486af056a7e1be8886"
    size = 68564
    tokens = 0
    modified_at = "2026-07-20T13:21:18Z"

  [[dependencies.files]]
    path = "max/theme-new.json"
    hash = "sha256:6bddf34e2a3e4dd1270fc8c6e7205f6770f91addeeb985e7f868d3239d59ad15"
    size = 70083
    tokens = 0
    modified_at = "2026-07-20T13:21:18Z"

  [[dependencies.files]]
    path = "my-digital-book/base-new.json"
    hash = "sha256:6d1753432d1a32631ba8077fd064e856bdf5b94df34d48c7c019b88459496fe4"
    size = 8699
    tokens = 0
    modified_at = "2026-07-20T13:21:18Z"

  [[dependencies.files]]
    path = "my-digital-book/light-new.json"
    hash = "sha256:69f3fb8ec11f614b994842d0ef26d26cdb22b4283c0b08ea0ed724b37bbe5ed5"
    size = 71298
    tokens = 0
    modified_at = "2026-07-20T13:21:18Z"

  [[dependencies.files]]
    path = "my-digital-book/theme-new.json"
    hash = "sha256:df29629c0ad0c086d5d286ac8529c1783b32459a4b49afbfde6235ff2912273a"
    size = 73900
    tokens = 0
    modified_at = "2026-07-20T13:21:18Z"

  [[dependencies.files]]
    path = "neon/base-new.json"
    hash = "sha256:50b2636c22fdd3f193074051a8784d31242d4d5e123ef51eaddc6f89688db3b1"
    size = 8693
    tokens = 0
    modified_at = "2026-07-20T13:21:18Z"

  [[dependencies.files]]
    path = "neon/dark-new.json"
    hash = "sha256:4d33dc2132357c396d54cc1687a3f259813f0994764e0bf248fba5716a6cbd26"
    size = 68587
    tokens = 0
    modified_at = "2026-07-20T13:21:18Z"

  [[dependencies.files]]
    path = "neon/light-new.json"
    hash = "sha256:679ad51c1981f0a39eb2dd9c8ff471f61fd96637f8af3e62927438e136069527"
    size = 68616
    tokens = 0
    modified_at = "2026-07-20T13:21:18Z"

  [[dependencies.files]]
    path = "neon/theme-new.json"
    hash = "sha256:e029f1a3a852ab2393ed5d145148d43867c3de0cba0395a7bf9a98c646009d2e"
    size = 70402
    tokens = 0
    modified_at = "2026-07-20T13:21:18Z"

  [[dependencies.files]]
    path = "primitives.json"
    hash = "sha256:d5fda2dae76b868b3c6dfb79820ffae5ce10a04e10b3ef18379727dbf213c22d"
    size = 5380
    tokens = 0
    modified_at = "2026-07-20T13:21:18Z"

  [[dependencies.files]]
    path = "sanoma-learning/base-new.json"
    hash = "sha256:3ddd94774191a55a6970170fb1fd337a27db1c7effe25053ade6065972afe779"
    size = 8684
    tokens = 0
    modified_at = "2026-07-20T13:21:18Z"

  [[dependencies.files]]
    path = "sanoma-learning/dark-new.json"
    hash = "sha256:1d7bf0c49b77624615b7c63c33f6135ec4ded30bbdf4725b71b8b05dbc42d92d"
    size = 71368
    tokens = 0
    modified_at = "2026-07-20T13:21:18Z"

  [[dependencies.files]]
    path = "sanoma-learning/light-new.json"
    hash = "sha256:7b86d2bf3c4ddcdf3baec3306d1111809fff5ed60076a0a32fa866e0d7142a40"
    size = 71365
    tokens = 0
    modified_at = "2026-07-20T13:21:18Z"

  [[dependencies.files]]
    path = "sanoma-learning/theme-new.json"
    hash = "sha256:625f5605b70e798f94994f4524bacda8d0ddfbd213b6046c3ef9e62435c97653"
    size = 73899
    tokens = 0
    modified_at = "2026-07-20T13:21:18Z"

  [[dependencies.files]]
    path = "sanoma-pro/base-new.json"
    hash = "sha256:2666e4b37b639f10b83fa929ddb712c1e2db7ca9ac7e8312c77e944d06259ac7"
    size = 8945
    tokens = 0
    modified_at = "2026-07-20T13:21:18Z"

  [[dependencies.files]]
    path = "sanoma-pro/light-new.json"
    hash = "sha256:8e4cbaa97a348ff083fbe163f8a20f026422fd11e45cc24af56e514a0acdedbe"
    size = 70031
    tokens = 0
    modified_at = "2026-07-20T13:21:18Z"

  [[dependencies.files]]
    path = "sanoma-pro/theme-new.json"
    hash = "sha256:f32ee2af71cbc146d3dd253588118845f36dceeb386a902f4c41d8c057d87ba7"
    size = 72310
    tokens = 0
    modified_at = "2026-07-20T13:21:18Z"

  [[dependencies.files]]
    path = "sanoma-utbildning/base-new.json"
    hash = "sha256:0204b4859afb54fe35c98daa3e4c599afcfa9b25ffc89c66b101ed579141278c"
    size = 8715
    tokens = 0
    modified_at = "2026-07-20T13:21:18Z"

  [[dependencies.files]]
    path = "sanoma-utbildning/light-new.json"
    hash = "sha256:a9ff6e523d58d32aa3b28af8f264047c0abe8b1ad960fd008eca13977e34467e"
    size = 71663
    tokens = 0
    modified_at = "2026-07-20T13:21:18Z"

  [[dependencies.files]]
    path = "sanoma-utbildning/theme-new.json"
    hash = "sha256:5a2300542083be53007e632c50b5c2445386b30eece428021d9283f14f352a25"
    size = 74536
    tokens = 0
    modified_at = "2026-07-20T13:21:18Z"

  [[dependencies.files]]
    path = "system.json"
    hash = "sha256:fc1bcef6ab00c2201baa7cb7c8c70788bcc27d933c3e55103b5d2148d6a1a461"
    size = 9249
    tokens = 0
    modified_at = "2026-07-20T13:21:18Z"

  [[dependencies.files]]
    path = "teacher-assistant/base-new.json"
    hash = "sha256:8910c8e7c60e7a71cd64423f8aed72b502bf6b9cd3fad476b9ab6ef4bf0a52b6"
    size = 9124
    tokens = 0
    modified_at = "2026-07-20T13:21:18Z"

  [[dependencies.files]]
    path = "teacher-assistant/light-new.json"
    hash = "sha256:78b7d3e391b77a334fad1c6fc16f78c7ee3c40f720926882713293b09de71af4"
    size = 71882
    tokens = 0
    modified_at = "2026-07-20T13:21:18Z"

  [[dependencies.files]]
    path = "teacher-assistant/theme-new.json"
    hash = "sha256:70466010491d1958802072e1b0a6ce765f56d6ec3550b39e0a2c27eeff678977"
    size = 74536
    tokens = 0
    modified_at = "2026-07-20T13:21:18Z"

  [[dependencies.files]]
    path = "teas/base-new.json"
    hash = "sha256:3bd187c021cd21f33c54ccf866fef74b8a5149225cdbc7028b2328a5882e5759"
    size = 8701
    tokens = 0
    modified_at = "2026-07-20T13:21:18Z"

  [[dependencies.files]]
    path = "teas/light-new.json"
    hash = "sha256:0f88d8eda1f848941062dc5ef2aa2608bf84b2f1d801d421bc7724140a711695"
    size = 68776
    tokens = 0
    modified_at = "2026-07-20T13:21:18Z"

  [[dependencies.files]]
    path = "teas/theme-new.json"
    hash = "sha256:3e9a6a1f93b3620638634d59fcfa35a5394e2556dbc1c862b07742d7d695e8da"
    size = 70402
    tokens = 0
    modified_at = "2026-07-20T13:21:18Z"

  [[dependencies.files]]
    path = "theme-new.json"
    hash = "sha256:1149e21bfc4f3846dcfa1fc094f620f18d0cee2281eb54f995071ed603c4eb96"
    size = 77798
    tokens = 0
    modified_at = "2026-07-20T13:21:18Z"

  [[dependencies.files]]
    path = "tig/base-new.json"
    hash = "sha256:00cb10ec0c0f8258a207727d626175bd7c902a43085c49cb8037f94275b0bf88"
    size = 8702
    tokens = 0
    modified_at = "2026-07-20T13:21:18Z"

  [[dependencies.files]]
    path = "tig/light-new.json"
    hash = "sha256:df6771fc06bbf7d11b030f93509550bf5c0d9a204fb453f5ad5a0bb6e794b9db"
    size = 68326
    tokens = 0
    modified_at = "2026-07-20T13:21:18Z"

  [[dependencies.files]]
    path = "tig/theme-new.json"
    hash = "sha256:58da43e98f6ff25fadc65b1e4e0398553ac145a24e9af1b94a1a72a281898bba"
    size = 70084
    tokens = 0
    modified_at = "2026-07-20T13:21:18Z"

[[dependencies]]
  name = "slds-legacy"
  project = "29b6e5a1-f540-4668-9964-b23ea58cf875"
  ref_type = "branch"
  ref_name = "main"
  content_hash = "sha256:55611a582a503af478ea2861bcb942c37889570c0f02409acea44f26927d1716"
  updated_at = "2026-07-20T13:21:20Z"

  [[dependencies.files]]
    path = "$metadata.json"
    hash = "sha256:bb41c107f322a0706e8ff4295b21eefc9a1d2edac60e3063ad2216471f5c88fc"
    size = 692
    tokens = 0
    modified_at = "2026-07-20T13:21:20Z"

  [[dependencies.files]]
    path = "$themes.json"
    hash = "sha256:904650372d4c47c66d20f71cdeb5c93d523a9d7d4b89c3d61d584a7237b75748"
    size = 2496
    tokens = 0
    modified_at = "2026-07-20T13:21:20Z"

  [[dependencies.files]]
    path = "bingel-dc/base.json"
    hash = "sha256:14c9d6e44cc23b3d7457239136f4390d3342cd0aed0dd78d637a6ee9efd8b544"
    size = 78650
    tokens = 0
    modified_at = "2026-07-20T13:21:20Z"

  [[dependencies.files]]
    path = "bingel-dc/light.json"
    hash = "sha256:373eb60b25c28a18b25e99242652f90c6172cc6a37f26c861a7b0316afe9559d"
    size = 170579
    tokens = 0
    modified_at = "2026-07-20T13:21:20Z"

  [[dependencies.files]]
    path = "bingel-int/base.json"
    hash = "sha256:1b4baa6926206673567b685cf5af88f109010c4d9edc43cd6738fe4367b7cb6f"
    size = 80552
    tokens = 0
    modified_at = "2026-07-20T13:21:20Z"

  [[dependencies.files]]
    path = "bingel-int/light.json"
    hash = "sha256:a88cc9f8b4885cbaef9829a6dc0c406b187f5a2f6f8ac7f790604e1e2531d6cb"
    size = 172341
    tokens = 0
    modified_at = "2026-07-20T13:21:20Z"

  [[dependencies.files]]
    path = "clickedu/base.json"
    hash = "sha256:247f8868d724a0fe8ccf35f50819102d3a3dc385af2556c2dfe48f98edde8efd"
    size = 78860
    tokens = 0
    modified_at = "2026-07-20T13:21:20Z"

  [[dependencies.files]]
    path = "clickedu/light.json"
    hash = "sha256:4652f54bad303236d25a5fc5841968da1aa688ca7c3ab02ec415ffbaf515444a"
    size = 167209
    tokens = 0
    modified_at = "2026-07-20T13:21:20Z"

  [[dependencies.files]]
    path = "core.json"
    hash = "sha256:e58f0ad4ea8941814c6fc2f991581ff7e1bb9444c65110f02bbde2fbb533b23f"
    size = 72461
    tokens = 0
    modified_at = "2026-07-20T13:21:20Z"

  [[dependencies.files]]
    path = "editorial-suite/base.json"
    hash = "sha256:35e7983475d9a3247aca0594d81445d59eac064bb7f0744bce7fed553f101461"
    size = 80208
    tokens = 0
    modified_at = "2026-07-20T13:21:20Z"

  [[dependencies.files]]
    path = "editorial-suite/light.json"
    hash = "sha256:4dc3ba4c82576921ea5147dbe12b2f114b92163baecd1d1e761d53bed604c42d"
    size = 173637
    tokens = 0
    modified_at = "2026-07-20T13:21:20Z"

  [[dependencies.files]]
    path = "itslearning/base.json"
    hash = "sha256:f17945c1b3e1dd843a7c428496118b04d037835ea7adae772b878556c1ee44c1"
    size = 78581
    tokens = 0
    modified_at = "2026-07-20T13:21:20Z"

  [[dependencies.files]]
    path = "itslearning/light.json"
    hash = "sha256:ef6f861848a17d79f0544604f6fc7ace2b34cc1daf8819d130dbaecfd32eab0b"
    size = 166532
    tokens = 0
    modified_at = "2026-07-20T13:21:20Z"

  [[dependencies.files]]
    path = "kampus/base.json"
    hash = "sha256:5262ccc8ed1d13bf7918e2bf576191f6171c7e31ffb751889d3f3e2ff1a037fa"
    size = 79460
    tokens = 0
    modified_at = "2026-07-20T13:21:20Z"

  [[dependencies.files]]
    path = "kampus/light.json"
    hash = "sha256:41cac2f44eccb88fa65b08f7b5b56336ea8e88d32dac22691ab83daf29a9fbf0"
    size = 167627
    tokens = 0
    modified_at = "2026-07-20T13:21:20Z"

  [[dependencies.files]]
    path = "magister/base.json"
    hash = "sha256:6f1fb2b8ccb92f8a70c4b0224badef4efe3da7b299a03c6915df4746d9c98926"
    size = 79710
    tokens = 0
    modified_at = "2026-07-20T13:21:20Z"

  [[dependencies.files]]
    path = "magister/dark.json"
    hash = "sha256:7d673c14fc09d256428126bb4e6f3b9480b47a109cd531f1e45f169830c9db7c"
    size = 168056
    tokens = 0
    modified_at = "2026-07-20T13:21:20Z"

  [[dependencies.files]]
    path = "magister/light.json"
    hash = "sha256:845d1116bd0a58056cabc93a799a13792216d0752df1f9ac9b9a7198ccb29c49"
    size = 178451
    tokens = 0
    modified_at = "2026-07-20T13:21:20Z"

  [[dependencies.files]]
    path = "max/base.json"
    hash = "sha256:1f142c4f7fb2ab9a7625cd337f251aa4fff30103e3b097033f41d81572e94824"
    size = 79278
    tokens = 0
    modified_at = "2026-07-20T13:21:20Z"

  [[dependencies.files]]
    path = "max/light.json"
    hash = "sha256:25bdca834c2507e4d835f4e85b212ed75a02aca292d29477d5832b5bfd6f2921"
    size = 166247
    tokens = 0
    modified_at = "2026-07-20T13:21:20Z"

  [[dependencies.files]]
    path = "my-digital-book/base.json"
    hash = "sha256:dcec62502098e800d6a440f438bc1df650736a4fb2b6b6e159014fb660cc3cdc"
    size = 78981
    tokens = 0
    modified_at = "2026-07-20T13:21:20Z"

  [[dependencies.files]]
    path = "my-digital-book/light.json"
    hash = "sha256:7075e31af679b8e47487de097ab8cd46fd942f5716b345a9bbf13bc25df3fad6"
    size = 172815
    tokens = 0
    modified_at = "2026-07-20T13:21:20Z"

  [[dependencies.files]]
    path = "neon/base.json"
    hash = "sha256:edea9b39e1b9a4f30f85bd11f5e7a1580c6333033a9301c9b0c862104c0a6363"
    size = 79722
    tokens = 0
    modified_at = "2026-07-20T13:21:20Z"

  [[dependencies.files]]
    path = "neon/dark.json"
    hash = "sha256:8d3da10e0a0ac02b7c2ee5208aa03296953b87aa156504fc7b47cb602913a71b"
    size = 164571
    tokens = 0
    modified_at = "2026-07-20T13:21:20Z"

  [[dependencies.files]]
    path = "neon/light.json"
    hash = "sha256:cdde474add31df62b83c27e3f91925c8bfe330762fb584b25946624d87c5d917"
    size = 164679
    tokens = 0
    modified_at = "2026-07-20T13:21:20Z"

  [[dependencies.files]]
    path = "sanoma-learning/base.json"
    hash = "sha256:29cccf99e0afa35334f68e1af698a937698b3b9b77c5c12f806822e30d7d78f4"
    size = 78513
    tokens = 0
    modified_at = "2026-07-20T13:21:20Z"

  [[dependencies.files]]
    path = "sanoma-learning/dark.json"
    hash = "sha256:84d31e2275ef105a8c9cf75daba2252979ffd1c9393bec3f43ad84f05e6323f8"
    size = 171259
    tokens = 0
    modified_at = "2026-07-20T13:21:20Z"

  [[dependencies.files]]
    path = "sanoma-learning/light.json"
    hash = "sha256:3d57c0c0141cb93e6dd85f37e7db95ae5218133123c7c910dfa993eb96be44bf"
    size = 172258
    tokens = 0
    modified_at = "2026-07-20T13:21:20Z"

  [[dependencies.files]]
    path = "system.json"
    hash = "sha256:60b4e37dcad515206c49e2c58df5aa51afc48cd107c0906c4f89c87e9c4d32dd"
    size = 9251
    tokens = 0
    modified_at = "2026-07-20T13:21:20Z"

  [[dependencies.files]]
    path = "teas/base.json"
    hash = "sha256:9a59a6913565b61ae8b1b11d6f74464f8fe77a0574a910c2ed43f0b143b5a630"
    size = 83793
    tokens = 0
    modified_at = "2026-07-20T13:21:20Z"

  [[dependencies.files]]
    path = "teas/light.json"
    hash = "sha256:5bc4ceca56d8be6a08f8dd2191062f457356aa52405ccc4b9434fa06e8b5f7c3"
    size = 171598
    tokens = 0
    modified_at = "2026-07-20T13:21:20Z"

  [[dependencies.files]]
    path = "tig/base.json"
    hash = "sha256:dbff65c684fe0c6ddfe0144359fe4835f28a9bae3ad4995d1db60bdaeec868c7"
    size = 78520
    tokens = 0
    modified_at = "2026-07-20T13:21:20Z"

  [[dependencies.files]]
    path = "tig/light.json"
    hash = "sha256:9b767a7a6129c67940596b317c4ec00410eaacedea497ea7be93b53a7b852421"
    size = 172258
    tokens = 0
    modified_at = "2026-07-20T13:21:20Z"

[integrity]
  lockfile_hash = "sha256:f3322f6a8311d3861bf788af79799bc9e8f2077bed9738e3a31e6cb96f61d8b2"
  algorithm = "sha256"
