# GENERATED FILE. DO NOT EDIT.
# This file is generated by 'studio pull' and ensures reproducible builds.
# Commit this file to version control.

version = 2
generated_at = "2026-07-20T11:25:50Z"
cli_version = "dev"
dependencies = []

[[exports]]
  name = "core"
  inline = true
  source_ref_type = "branch"
  source_ref_name = "typography-add"
  preset_hash = "sha256:682797888d970f3e50b89ba220d984af170b3ac6035e2e018517aa8912b2561e"
  output_hash = "sha256:3387599a42528eaa23adc9872678328a9ebda35fa85aba511b8ff6eddd266371"
  updated_at = "2026-07-20T11:25:41Z"

[[exports]]
  name = "slds-legacy"
  inline = true
  source_ref_type = "branch"
  source_ref_name = "main"
  preset_hash = "sha256:682797888d970f3e50b89ba220d984af170b3ac6035e2e018517aa8912b2561e"
  output_hash = "sha256:bb7dd7d3a7eef1b9ff1f345e971a19a81655b9a3a8a2c3727516dfc6b871df19"
  updated_at = "2026-07-20T11:25:50Z"

[[exports]]
  name = "core-css"
  inline = true
  source_ref_type = "branch"
  source_ref_name = "typography-add"
  preset_hash = "sha256:ec530bb3eebf3d12e4cf4ef31b373e15e3c37f7ce7919b2e897a30fe92fc0ec5"
  output_hash = "sha256:353d2e133b8cf4ca8607dd21e40bf807d0a7f90aca8893172fcf33ffa8dd2bc3"
  updated_at = "2026-07-20T11:25:49Z"

[integrity]
  lockfile_hash = "sha256:a6f8c441d2b4c60d84047b1abe36b3404116aeae69e1206775699c0d85541580"
  algorithm = "sha256"
