# GENERATED FILE. DO NOT EDIT.
# This file is generated by 'studio pull' and ensures reproducible builds.
# Commit this file to version control.

version = 2
generated_at = "2026-08-27T13:30:53Z"
cli_version = "dev"
dependencies = []

[[exports]]
  name = "core"
  inline = true
  source_ref_type = "branch"
  source_ref_name = "no-routing-new-setup"
  preset_hash = "sha256:682797888d970f3e50b89ba220d984af170b3ac6035e2e018517aa8912b2561e"
  output_hash = "sha256:3acbf73d5f8c6cd02f3d01aef70ceec19379022f4813fb68871278d0b57346ca"
  updated_at = "2026-07-30T08:23:42Z"

[[exports]]
  name = "slds-legacy"
  inline = true
  source_ref_type = "branch"
  source_ref_name = "main"
  preset_hash = "sha256:682797888d970f3e50b89ba220d984af170b3ac6035e2e018517aa8912b2561e"
  output_hash = "sha256:bb7dd7d3a7eef1b9ff1f345e971a19a81655b9a3a8a2c3727516dfc6b871df19"
  updated_at = "2026-08-27T13:30:51Z"

[[exports]]
  name = "core-css"
  preset_id = "898af612-5ca5-43b7-9cf7-c826a742b36d"
  advisory_name = "core-css"
  source_ref_type = "branch"
  source_ref_name = "subthemes-test-c"
  preset_hash = "sha256:40874f87dc9b0de343c5a94ab19d132f85723dc41a7774a467e3ddab2d28d1cf"
  output_hash = "sha256:78ad7b2883ebf17ce2ee4287b6b501397e8739599431710f8be71819cf21949b"
  updated_at = "2026-08-27T13:30:48Z"

[integrity]
  lockfile_hash = "sha256:769c4d7ca51abb366ae0ac70684d4f663cdc8b8fd9b18fd6b76ef088f069d39b"
  algorithm = "sha256"
