# GENERATED FILE. DO NOT EDIT.
# This file is generated by 'studio pull' and ensures reproducible builds.
# Commit this file to version control.

version = 2
generated_at = "2026-09-02T08:10:09Z"
cli_version = "dev"
dependencies = []

[[exports]]
  name = "core"
  inline = true
  source_ref_type = "branch"
  source_ref_name = "no-routing-new-setup"
  preset_hash = "sha256:682797888d970f3e50b89ba220d984af170b3ac6035e2e018517aa8912b2561e"
  output_hash = "sha256:3acbf73d5f8c6cd02f3d01aef70ceec19379022f4813fb68871278d0b57346ca"
  updated_at = "2026-07-30T08:23:42Z"

[[exports]]
  name = "slds-legacy"
  inline = true
  source_ref_type = "branch"
  source_ref_name = "main"
  preset_hash = "sha256:682797888d970f3e50b89ba220d984af170b3ac6035e2e018517aa8912b2561e"
  output_hash = "sha256:bb7dd7d3a7eef1b9ff1f345e971a19a81655b9a3a8a2c3727516dfc6b871df19"
  updated_at = "2026-09-02T08:10:07Z"

[[exports]]
  name = "core-css"
  preset_id = "898af612-5ca5-43b7-9cf7-c826a742b36d"
  advisory_name = "core-css"
  source_ref_type = "branch"
  source_ref_name = "no-routing-new-setup"
  preset_hash = "sha256:595e50541ff9235a5e74d4c9646f3a47bf8ab96ddd74e44ff9f163bdab76807d"
  output_hash = "sha256:7a12f9ff04be78d4bd658e6bb08d5743226fd9da2eb27a8d153c247abf9e3f1e"
  updated_at = "2026-09-02T08:10:03Z"

[integrity]
  lockfile_hash = "sha256:d81d4d279d331644ae69e41350b7626f9ebdfd3841455c6890fb2e1ff85107df"
  algorithm = "sha256"
